
Microsoft Visual Studio Solution File, Format Version 12.00
# Visual Studio Version 17
VisualStudioVersion = 17.13.35919.96 d17.13
MinimumVisualStudioVersion = 10.0.40219.1
Project("{FAE04EC0-301F-11D3-BF4B-00C04F79EFBC}") = "TaskManager", "TaskManager\TaskManager.csproj", "{31C7F81D-E120-4DA7-BE5F-5ADB1FE943B0}"
EndProject
Global
	GlobalSection(SolutionConfigurationPlatforms) = preSolution
		Debug|Any CPU = Debug|Any CPU
		Release|Any CPU = Release|Any CPU
	EndGlobalSection
	GlobalSection(ProjectConfigurationPlatforms) = postSolution
		{31C7F81D-E120-4DA7-BE5F-5ADB1FE943B0}.Debug|Any CPU.ActiveCfg = Debug|Any CPU
		{31C7F81D-E120-4DA7-BE5F-5ADB1FE943B0}.Debug|Any CPU.Build.0 = Debug|Any CPU
		{31C7F81D-E120-4DA7-BE5F-5ADB1FE943B0}.Release|Any CPU.ActiveCfg = Release|Any CPU
		{31C7F81D-E120-4DA7-BE5F-5ADB1FE943B0}.Release|Any CPU.Build.0 = Release|Any CPU
	EndGlobalSection
	GlobalSection(SolutionProperties) = preSolution
		HideSolutionNode = FALSE
	EndGlobalSection
	GlobalSection(ExtensibilityGlobals) = postSolution
		SolutionGuid = {E9959E76-9AD5-4142-9999-56D097F9F7A9}
	EndGlobalSection
EndGlobal
